
Microsoft Visual Studio Solution File, Format Version 12.00
# Visual Studio Version 16
VisualStudioVersion = 16.0.29806.167
MinimumVisualStudioVersion = 10.0.40219.1
Project("{FAE04EC0-301F-11D3-BF4B-00C04F79EFBC}") = "MusikDotNET", "MusikDotNET.csproj", "{8BD8150C-BCCA-4B51-B466-75802AA92544}"
EndProject
Global
	GlobalSection(SolutionConfigurationPlatforms) = preSolution
		Debug|Any CPU = Debug|Any CPU
		Release|Any CPU = Release|Any CPU
	EndGlobalSection
	GlobalSection(ProjectConfigurationPlatforms) = postSolution
		{8BD8150C-BCCA-4B51-B466-75802AA92544}.Debug|Any CPU.ActiveCfg = Debug|Any CPU
		{8BD8150C-BCCA-4B51-B466-75802AA92544}.Debug|Any CPU.Build.0 = Debug|Any CPU
		{8BD8150C-BCCA-4B51-B466-75802AA92544}.Release|Any CPU.ActiveCfg = Release|Any CPU
		{8BD8150C-BCCA-4B51-B466-75802AA92544}.Release|Any CPU.Build.0 = Release|Any CPU
	EndGlobalSection
	GlobalSection(SolutionProperties) = preSolution
		HideSolutionNode = FALSE
	EndGlobalSection
	GlobalSection(ExtensibilityGlobals) = postSolution
		SolutionGuid = {26429007-A7BA-41D0-9C2A-B5B054AD9C38}
	EndGlobalSection
EndGlobal
